// !$*UTF8*$!
{
	archiveVersion = 1;
	classes = {
	};
	objectVersion = 48;
	objects = {

/* Begin PBXBuildFile section */
		1333B9FD1FAA77EE00871528 /* AppDelegate.swift in Sources */ = {isa = PBXBuildFile; fileRef = 1333B9FC1FAA77EE00871528 /* AppDelegate.swift */; };
		1333B9FF1FAA77EE00871528 /* ViewController.swift in Sources */ = {isa = PBXBuildFile; fileRef = 1333B9FE1FAA77EE00871528 /* ViewController.swift */; };
		1333BA021FAA77EE00871528 /* Main.storyboard in Resources */ = {isa = PBXBuildFile; fileRef = 1333BA001FAA77EE00871528 /* Main.storyboard */; };
		1333BA041FAA77EE00871528 /* Assets.xcassets in Resources */ = {isa = PBXBuildFile; fileRef = 1333BA031FAA77EE00871528 /* Assets.xcassets */; };
		1333BA071FAA77EE00871528 /* LaunchScreen.storyboard in Resources */ = {isa = PBXBuildFile; fileRef = 1333BA051FAA77EE00871528 /* LaunchScreen.storyboard */; };
		1333BA121FAA77EE00871528 /* TTTTests.swift in Sources */ = {isa = PBXBuildFile; fileRef = 1333BA111FAA77EE00871528 /* TTTTests.swift */; };
		1333BA1D1FAA77EE00871528 /* TTTUITests.swift in Sources */ = {isa = PBXBuildFile; fileRef = 1333BA1C1FAA77EE00871528 /* TTTUITests.swift */; };
/* End PBXBuildFile section */

/* Begin PBXContainerItemProxy section */
		1333BA0E1FAA77EE00871528 /* PBXContainerItemProxy */ = {
			isa = PBXContainerItemProxy;
			containerPortal = 1333B9F11FAA77EE00871528 /* Project object */;
			proxyType = 1;
			remoteGlobalIDString = 1333B9F81FAA77EE00871528;
			remoteInfo = TTT;
		};
		1333BA191FAA77EE00871528 /* PBXContainerItemProxy */ = {
			isa = PBXContainerItemProxy;
			containerPortal = 1333B9F11FAA77EE00871528 /* Project object */;
			proxyType = 1;
			remoteGlobalIDString = 1333B9F81FAA77EE00871528;
			remoteInfo = TTT;
		};
/* End PBXContainerItemProxy section */

/* Begin PBXFileReference section */
		1333B9F91FAA77EE00871528 /* TTT.app */ = {isa = PBXFileReference; explicitFileType = wrapper.application; includeInIndex = 0; path = TTT.app; sourceTree = BUILT_PRODUCTS_DIR; };
		1333B9FC1FAA77EE00871528 /* AppDelegate.swift */ = {isa = PBXFileReference; lastKnownFileType = sourcecode.swift; path = AppDelegate.swift; sourceTree = "<group>"; };
		1333B9FE1FAA77EE00871528 /* ViewController.swift */ = {isa = PBXFileReference; lastKnownFileType = sourcecode.swift; path = ViewController.swift; sourceTree = "<group>"; };
		1333BA011FAA77EE00871528 /* Base */ = {isa = PBXFileReference; lastKnownFileType = file.storyboard; name = Base; path = Base.lproj/Main.storyboard; sourceTree = "<group>"; };
		1333BA031FAA77EE00871528 /* Assets.xcassets */ = {isa = PBXFileReference; lastKnownFileType = folder.assetcatalog; path = Assets.xcassets; sourceTree = "<group>"; };
		1333BA061FAA77EE00871528 /* Base */ = {isa = PBXFileReference; lastKnownFileType = file.storyboard; name = Base; path = Base.lproj/LaunchScreen.storyboard; sourceTree = "<group>"; };
		1333BA081FAA77EE00871528 /* Info.plist */ = {isa = PBXFileReference; lastKnownFileType = text.plist.xml; path = Info.plist; sourceTree = "<group>"; };
		1333BA0D1FAA77EE00871528 /* TTTTests.xctest */ = {isa = PBXFileReference; explicitFileType = wrapper.cfbundle; includeInIndex = 0; path = TTTTests.xctest; sourceTree = BUILT_PRODUCTS_DIR; };
		1333BA111FAA77EE00871528 /* TTTTests.swift */ = {isa = PBXFileReference; lastKnownFileType = sourcecode.swift; path = TTTTests.swift; sourceTree = "<group>"; };
		1333BA131FAA77EE00871528 /* Info.plist */ = {isa = PBXFileReference; lastKnownFileType = text.plist.xml; path = Info.plist; sourceTree = "<group>"; };
		1333BA181FAA77EE00871528 /* TTTUITests.xctest */ = {isa = PBXFileReference; explicitFileType = wrapper.cfbundle; includeInIndex = 0; path = TTTUITests.xctest; sourceTree = BUILT_PRODUCTS_DIR; };
		1333BA1C1FAA77EE00871528 /* TTTUITests.swift */ = {isa = PBXFileReference; lastKnownFileType = sourcecode.swift; path = TTTUITests.swift; sourceTree = "<group>"; };
		1333BA1E1FAA77EE00871528 /* Info.plist */ = {isa = PBXFileReference; lastKnownFileType = text.plist.xml; path = Info.plist; sourceTree = "<group>"; };
/* End PBXFileReference section */

/* Begin PBXFrameworksBuildPhase section */
		1333B9F61FAA77EE00871528 /* Frameworks */ = {
			isa = PBXFrameworksBuildPhase;
			buildActionMask = 2147483647;
			files = (
			);
			runOnlyForDeploymentPostprocessing = 0;
		};
		1333BA0A1FAA77EE00871528 /* Frameworks */ = {
			isa = PBXFrameworksBuildPhase;
			buildActionMask = 2147483647;
			files = (
			);
			runOnlyForDeploymentPostprocessing = 0;
		};
		1333BA151FAA77EE00871528 /* Frameworks */ = {
			isa = PBXFrameworksBuildPhase;
			buildActionMask = 2147483647;
			files = (
			);
			runOnlyForDeploymentPostprocessing = 0;
		};
/* End PBXFrameworksBuildPhase section */

/* Begin PBXGroup section */
		1333B9F01FAA77EE00871528 = {
			isa = PBXGroup;
			children = (
				1333B9FB1FAA77EE00871528 /* TTT */,
				1333BA101FAA77EE00871528 /* TTTTests */,
				1333BA1B1FAA77EE00871528 /* TTTUITests */,
				1333B9FA1FAA77EE00871528 /* Products */,
			);
			sourceTree = "<group>";
		};
		1333B9FA1FAA77EE00871528 /* Products */ = {
			isa = PBXGroup;
			children = (
				1333B9F91FAA77EE00871528 /* TTT.app */,
				1333BA0D1FAA77EE00871528 /* TTTTests.xctest */,
				1333BA181FAA77EE00871528 /* TTTUITests.xctest */,
			);
			name = Products;
			sourceTree = "<group>";
		};
		1333B9FB1FAA77EE00871528 /* TTT */ = {
			isa = PBXGroup;
			children = (
				1333B9FC1FAA77EE00871528 /* AppDelegate.swift */,
				1333B9FE1FAA77EE00871528 /* ViewController.swift */,
				1333BA001FAA77EE00871528 /* Main.storyboard */,
				1333BA031FAA77EE00871528 /* Assets.xcassets */,
				1333BA051FAA77EE00871528 /* LaunchScreen.storyboard */,
				1333BA081FAA77EE00871528 /* Info.plist */,
			);
			path = TTT;
			sourceTree = "<group>";
		};
		1333BA101FAA77EE00871528 /* TTTTests */ = {
			isa = PBXGroup;
			children = (
				1333BA111FAA77EE00871528 /* TTTTests.swift */,
				1333BA131FAA77EE00871528 /* Info.plist */,
			);
			path = TTTTests;
			sourceTree = "<group>";
		};
		1333BA1B1FAA77EE00871528 /* TTTUITests */ = {
			isa = PBXGroup;
			children = (
				1333BA1C1FAA77EE00871528 /* TTTUITests.swift */,
				1333BA1E1FAA77EE00871528 /* Info.plist */,
			);
			path = TTTUITests;
			sourceTree = "<group>";
		};
/* End PBXGroup section */

/* Begin PBXNativeTarget section */
		1333B9F81FAA77EE00871528 /* TTT */ = {
			isa = PBXNativeTarget;
			buildConfigurationList = 1333BA211FAA77EE00871528 /* Build configuration list for PBXNativeTarget "TTT" */;
			buildPhases = (
				1333B9F51FAA77EE00871528 /* Sources */,
				1333B9F61FAA77EE00871528 /* Frameworks */,
				1333B9F71FAA77EE00871528 /* Resources */,
			);
			buildRules = (
			);
			dependencies = (
			);
			name = TTT;
			productName = TTT;
			productReference = 1333B9F91FAA77EE00871528 /* TTT.app */;
			productType = "com.apple.product-type.application";
		};
		1333BA0C1FAA77EE00871528 /* TTTTests */ = {
			isa = PBXNativeTarget;
			buildConfigurationList = 1333BA241FAA77EE00871528 /* Build configuration list for PBXNativeTarget "TTTTests" */;
			buildPhases = (
				1333BA091FAA77EE00871528 /* Sources */,
				1333BA0A1FAA77EE00871528 /* Frameworks */,
				1333BA0B1FAA77EE00871528 /* Resources */,
			);
			buildRules = (
			);
			dependencies = (
				1333BA0F1FAA77EE00871528 /* PBXTargetDependency */,
			);
			name = TTTTests;
			productName = TTTTests;
			productReference = 1333BA0D1FAA77EE00871528 /* TTTTests.xctest */;
			productType = "com.apple.product-type.bundle.unit-test";
		};
		1333BA171FAA77EE00871528 /* TTTUITests */ = {
			isa = PBXNativeTarget;
			buildConfigurationList = 1333BA271FAA77EE00871528 /* Build configuration list for PBXNativeTarget "TTTUITests" */;
			buildPhases = (
				1333BA141FAA77EE00871528 /* Sources */,
				1333BA151FAA77EE00871528 /* Frameworks */,
				1333BA161FAA77EE00871528 /* Resources */,
			);
			buildRules = (
			);
			dependencies = (
				1333BA1A1FAA77EE00871528 /* PBXTargetDependency */,
			);
			name = TTTUITests;
			productName = TTTUITests;
			productReference = 1333BA181FAA77EE00871528 /* TTTUITests.xctest */;
			productType = "com.apple.product-type.bundle.ui-testing";
		};
/* End PBXNativeTarget section */

/* Begin PBXProject section */
		1333B9F11FAA77EE00871528 /* Project object */ = {
			isa = PBXProject;
			attributes = {
				LastSwiftUpdateCheck = 0900;
				LastUpgradeCheck = 0900;
				ORGANIZATIONNAME = "Sheetal Desai";
				TargetAttributes = {
					1333B9F81FAA77EE00871528 = {
						CreatedOnToolsVersion = 9.0.1;
						ProvisioningStyle = Automatic;
					};
					1333BA0C1FAA77EE00871528 = {
						CreatedOnToolsVersion = 9.0.1;
						ProvisioningStyle = Automatic;
						TestTargetID = 1333B9F81FAA77EE00871528;
					};
					1333BA171FAA77EE00871528 = {
						CreatedOnToolsVersion = 9.0.1;
						ProvisioningStyle = Automatic;
						TestTargetID = 1333B9F81FAA77EE00871528;
					};
				};
			};
			buildConfigurationList = 1333B9F41FAA77EE00871528 /* Build configuration list for PBXProject "TTT" */;
			compatibilityVersion = "Xcode 8.0";
			developmentRegion = en;
			hasScannedForEncodings = 0;
			knownRegions = (
				en,
				Base,
			);
			mainGroup = 1333B9F01FAA77EE00871528;
			productRefGroup = 1333B9FA1FAA77EE00871528 /* Products */;
			projectDirPath = "";
			projectRoot = "";
			targets = (
				1333B9F81FAA77EE00871528 /* TTT */,
				1333BA0C1FAA77EE00871528 /* TTTTests */,
				1333BA171FAA77EE00871528 /* TTTUITests */,
			);
		};
/* End PBXProject section */

/* Begin PBXResourcesBuildPhase section */
		1333B9F71FAA77EE00871528 /* Resources */ = {
			isa = PBXResourcesBuildPhase;
			buildActionMask = 2147483647;
			files = (
				1333BA071FAA77EE00871528 /* LaunchScreen.storyboard in Resources */,
				1333BA041FAA77EE00871528 /* Assets.xcassets in Resources */,
				1333BA021FAA77EE00871528 /* Main.storyboard in Resources */,
			);
			runOnlyForDeploymentPostprocessing = 0;
		};
		1333BA0B1FAA77EE00871528 /* Resources */ = {
			isa = PBXResourcesBuildPhase;
			buildActionMask = 2147483647;
			files = (
			);
			runOnlyForDeploymentPostprocessing = 0;
		};
		1333BA161FAA77EE00871528 /* Resources */ = {
			isa = PBXResourcesBuildPhase;
			buildActionMask = 2147483647;
			files = (
			);
			runOnlyForDeploymentPostprocessing = 0;
		};
/* End PBXResourcesBuildPhase section */

/* Begin PBXSourcesBuildPhase section */
		1333B9F51FAA77EE00871528 /* Sources */ = {
			isa = PBXSourcesBuildPhase;
			buildActionMask = 2147483647;
			files = (
				1333B9FF1FAA77EE00871528 /* ViewController.swift in Sources */,
				1333B9FD1FAA77EE00871528 /* AppDelegate.swift in Sources */,
			);
			runOnlyForDeploymentPostprocessing = 0;
		};
		1333BA091FAA77EE00871528 /* Sources */ = {
			isa = PBXSourcesBuildPhase;
			buildActionMask = 2147483647;
			files = (
				1333BA121FAA77EE00871528 /* TTTTests.swift in Sources */,
			);
			runOnlyForDeploymentPostprocessing = 0;
		};
		1333BA141FAA77EE00871528 /* Sources */ = {
			isa = PBXSourcesBuildPhase;
			buildActionMask = 2147483647;
			files = (
				1333BA1D1FAA77EE00871528 /* TTTUITests.swift in Sources */,
			);
			runOnlyForDeploymentPostprocessing = 0;
		};
/* End PBXSourcesBuildPhase section */

/* Begin PBXTargetDependency section */
		1333BA0F1FAA77EE00871528 /* PBXTargetDependency */ = {
			isa = PBXTargetDependency;
			target = 1333B9F81FAA77EE00871528 /* TTT */;
			targetProxy = 1333BA0E1FAA77EE00871528 /* PBXContainerItemProxy */;
		};
		1333BA1A1FAA77EE00871528 /* PBXTargetDependency */ = {
			isa = PBXTargetDependency;
			target = 1333B9F81FAA77EE00871528 /* TTT */;
			targetProxy = 1333BA191FAA77EE00871528 /* PBXContainerItemProxy */;
		};
/* End PBXTargetDependency section */

/* Begin PBXVariantGroup section */
		1333BA001FAA77EE00871528 /* Main.storyboard */ = {
			isa = PBXVariantGroup;
			children = (
				1333BA011FAA77EE00871528 /* Base */,
			);
			name = Main.storyboard;
			sourceTree = "<group>";
		};
		1333BA051FAA77EE00871528 /* LaunchScreen.storyboard */ = {
			isa = PBXVariantGroup;
			children = (
				1333BA061FAA77EE00871528 /* Base */,
			);
			name = LaunchScreen.storyboard;
			sourceTree = "<group>";
		};
/* End PBXVariantGroup section */

/* Begin XCBuildConfiguration section */
		1333BA1F1FAA77EE00871528 /* Debug */ = {
			isa = XCBuildConfiguration;
			buildSettings = {
				ALWAYS_SEARCH_USER_PATHS = NO;
				CLANG_ANALYZER_NONNULL = YES;
				CLANG_ANALYZER_NUMBER_OBJECT_CONVERSION = YES_AGGRESSIVE;
				CLANG_CXX_LANGUAGE_STANDARD = "gnu++14";
				CLANG_CXX_LIBRARY = "libc++";
				CLANG_ENABLE_MODULES = YES;
				CLANG_ENABLE_OBJC_ARC = YES;
				CLANG_WARN_BLOCK_CAPTURE_AUTORELEASING = YES;
				CLANG_WARN_BOOL_CONVERSION = YES;
				CLANG_WARN_COMMA = YES;
				CLANG_WARN_CONSTANT_CONVERSION = YES;
				CLANG_WARN_DIRECT_OBJC_ISA_USAGE = YES_ERROR;
				CLANG_WARN_DOCUMENTATION_COMMENTS = YES;
				CLANG_WARN_EMPTY_BODY = YES;
				CLANG_WARN_ENUM_CONVERSION = YES;
				CLANG_WARN_INFINITE_RECURSION = YES;
				CLANG_WARN_INT_CONVERSION = YES;
				CLANG_WARN_NON_LITERAL_NULL_CONVERSION = YES;
				CLANG_WARN_OBJC_LITERAL_CONVERSION = YES;
				CLANG_WARN_OBJC_ROOT_CLASS = YES_ERROR;
				CLANG_WARN_RANGE_LOOP_ANALYSIS = YES;
				CLANG_WARN_STRICT_PROTOTYPES = YES;
				CLANG_WARN_SUSPICIOUS_MOVE = YES;
				CLANG_WARN_UNGUARDED_AVAILABILITY = YES_AGGRESSIVE;
				CLANG_WARN_UNREACHABLE_CODE = YES;
				CLANG_WARN__DUPLICATE_METHOD_MATCH = YES;
				CODE_SIGN_IDENTITY = "iPhone Developer";
				COPY_PHASE_STRIP = NO;
				DEBUG_INFORMATION_FORMAT = dwarf;
				ENABLE_STRICT_OBJC_MSGSEND = YES;
				ENABLE_TESTABILITY = YES;
				GCC_C_LANGUAGE_STANDARD = gnu11;
				GCC_DYNAMIC_NO_PIC = NO;
				GCC_NO_COMMON_BLOCKS = YES;
				GCC_OPTIMIZATION_LEVEL = 0;
				GCC_PREPROCESSOR_DEFINITIONS = (
					"DEBUG=1",
					"$(inherited)",
				);
				GCC_WARN_64_TO_32_BIT_CONVERSION = YES;
				GCC_WARN_ABOUT_RETURN_TYPE = YES_ERROR;
				GCC_WARN_UNDECLARED_SELECTOR = YES;
				GCC_WARN_UNINITIALIZED_AUTOS = YES_AGGRESSIVE;
				GCC_WARN_UNUSED_FUNCTION = YES;
				GCC_WARN_UNUSED_VARIABLE = YES;
				IPHONEOS_DEPLOYMENT_TARGET = 11.0;
				MTL_ENABLE_DEBUG_INFO = YES;
				ONLY_ACTIVE_ARCH = YES;
				SDKROOT = iphoneos;
				SWIFT_ACTIVE_COMPILATION_CONDITIONS = DEBUG;
				SWIFT_OPTIMIZATION_LEVEL = "-Onone";
			};
			name = Debug;
		};
		1333BA201FAA77EE00871528 /* Release */ = {
			isa = XCBuildConfiguration;
			buildSettings = {
				ALWAYS_SEARCH_USER_PATHS = NO;
				CLANG_ANALYZER_NONNULL = YES;
				CLANG_ANALYZER_NUMBER_OBJECT_CONVERSION = YES_AGGRESSIVE;
				CLANG_CXX_LANGUAGE_STANDARD = "gnu++14";
				CLANG_CXX_LIBRARY = "libc++";
				CLANG_ENABLE_MODULES = YES;
				CLANG_ENABLE_OBJC_ARC = YES;
				CLANG_WARN_BLOCK_CAPTURE_AUTORELEASING = YES;
				CLANG_WARN_BOOL_CONVERSION = YES;
				CLANG_WARN_COMMA = YES;
				CLANG_WARN_CONSTANT_CONVERSION = YES;
				CLANG_WARN_DIRECT_OBJC_ISA_USAGE = YES_ERROR;
				CLANG_WARN_DOCUMENTATION_COMMENTS = YES;
				CLANG_WARN_EMPTY_BODY = YES;
				CLANG_WARN_ENUM_CONVERSION = YES;
				CLANG_WARN_INFINITE_RECURSION = YES;
				CLANG_WARN_INT_CONVERSION = YES;
				CLANG_WARN_NON_LITERAL_NULL_CONVERSION = YES;
				CLANG_WARN_OBJC_LITERAL_CONVERSION = YES;
				CLANG_WARN_OBJC_ROOT_CLASS = YES_ERROR;
				CLANG_WARN_RANGE_LOOP_ANALYSIS = YES;
				CLANG_WARN_STRICT_PROTOTYPES = YES;
				CLANG_WARN_SUSPICIOUS_MOVE = YES;
				CLANG_WARN_UNGUARDED_AVAILABILITY = YES_AGGRESSIVE;
				CLANG_WARN_UNREACHABLE_CODE = YES;
				CLANG_WARN__DUPLICATE_METHOD_MATCH = YES;
				CODE_SIGN_IDENTITY = "iPhone Developer";
				COPY_PHASE_STRIP = NO;
				DEBUG_INFORMATION_FORMAT = "dwarf-with-dsym";
				ENABLE_NS_ASSERTIONS = NO;
				ENABLE_STRICT_OBJC_MSGSEND = YES;
				GCC_C_LANGUAGE_STANDARD = gnu11;
				GCC_NO_COMMON_BLOCKS = YES;
				GCC_WARN_64_TO_32_BIT_CONVERSION = YES;
				GCC_WARN_ABOUT_RETURN_TYPE = YES_ERROR;
				GCC_WARN_UNDECLARED_SELECTOR = YES;
				GCC_WARN_UNINITIALIZED_AUTOS = YES_AGGRESSIVE;
				GCC_WARN_UNUSED_FUNCTION = YES;
				GCC_WARN_UNUSED_VARIABLE = YES;
				IPHONEOS_DEPLOYMENT_TARGET = 11.0;
				MTL_ENABLE_DEBUG_INFO = NO;
				SDKROOT = iphoneos;
				SWIFT_OPTIMIZATION_LEVEL = "-Owholemodule";
				VALIDATE_PRODUCT = YES;
			};
			name = Release;
		};
		1333BA221FAA77EE00871528 /* Debug */ = {
			isa = XCBuildConfiguration;
			buildSettings = {
				ASSETCATALOG_COMPILER_APPICON_NAME = AppIcon;
				CODE_SIGN_STYLE = Automatic;
				DEVELOPMENT_TEAM = RE35XLAPV6;
				INFOPLIST_FILE = TTT/Info.plist;
				LD_RUNPATH_SEARCH_PATHS = "$(inherited) @executable_path/Frameworks";
				PRODUCT_BUNDLE_IDENTIFIER = dojo.TTT;
				PRODUCT_NAME = "$(TARGET_NAME)";
				SWIFT_VERSION = 4.0;
				TARGETED_DEVICE_FAMILY = "1,2";
			};
			name = Debug;
		};
		1333BA231FAA77EE00871528 /* Release */ = {
			isa = XCBuildConfiguration;
			buildSettings = {
				ASSETCATALOG_COMPILER_APPICON_NAME = AppIcon;
				CODE_SIGN_STYLE = Automatic;
				DEVELOPMENT_TEAM = RE35XLAPV6;
				INFOPLIST_FILE = TTT/Info.plist;
				LD_RUNPATH_SEARCH_PATHS = "$(inherited) @executable_path/Frameworks";
				PRODUCT_BUNDLE_IDENTIFIER = dojo.TTT;
				PRODUCT_NAME = "$(TARGET_NAME)";
				SWIFT_VERSION = 4.0;
				TARGETED_DEVICE_FAMILY = "1,2";
			};
			name = Release;
		};
		1333BA251FAA77EE00871528 /* Debug */ = {
			isa = XCBuildConfiguration;
			buildSettings = {
				ALWAYS_EMBED_SWIFT_STANDARD_LIBRARIES = YES;
				BUNDLE_LOADER = "$(TEST_HOST)";
				CODE_SIGN_STYLE = Automatic;
				DEVELOPMENT_TEAM = RE35XLAPV6;
				INFOPLIST_FILE = TTTTests/Info.plist;
				LD_RUNPATH_SEARCH_PATHS = "$(inherited) @executable_path/Frameworks @loader_path/Frameworks";
				PRODUCT_BUNDLE_IDENTIFIER = dojo.TTTTests;
				PRODUCT_NAME = "$(TARGET_NAME)";
				SWIFT_VERSION = 4.0;
				TARGETED_DEVICE_FAMILY = "1,2";
				TEST_HOST = "$(BUILT_PRODUCTS_DIR)/TTT.app/TTT";
			};
			name = Debug;
		};
		1333BA261FAA77EE00871528 /* Release */ = {
			isa = XCBuildConfiguration;
			buildSettings = {
				ALWAYS_EMBED_SWIFT_STANDARD_LIBRARIES = YES;
				BUNDLE_LOADER = "$(TEST_HOST)";
				CODE_SIGN_STYLE = Automatic;
				DEVELOPMENT_TEAM = RE35XLAPV6;
				INFOPLIST_FILE = TTTTests/Info.plist;
				LD_RUNPATH_SEARCH_PATHS = "$(inherited) @executable_path/Frameworks @loader_path/Frameworks";
				PRODUCT_BUNDLE_IDENTIFIER = dojo.TTTTests;
				PRODUCT_NAME = "$(TARGET_NAME)";
				SWIFT_VERSION = 4.0;
				TARGETED_DEVICE_FAMILY = "1,2";
				TEST_HOST = "$(BUILT_PRODUCTS_DIR)/TTT.app/TTT";
			};
			name = Release;
		};
		1333BA281FAA77EE00871528 /* Debug */ = {
			isa = XCBuildConfiguration;
			buildSettings = {
				ALWAYS_EMBED_SWIFT_STANDARD_LIBRARIES = YES;
				CODE_SIGN_STYLE = Automatic;
				DEVELOPMENT_TEAM = RE35XLAPV6;
				INFOPLIST_FILE = TTTUITests/Info.plist;
				LD_RUNPATH_SEARCH_PATHS = "$(inherited) @executable_path/Frameworks @loader_path/Frameworks";
				PRODUCT_BUNDLE_IDENTIFIER = dojo.TTTUITests;
				PRODUCT_NAME = "$(TARGET_NAME)";
				SWIFT_VERSION = 4.0;
				TARGETED_DEVICE_FAMILY = "1,2";
				TEST_TARGET_NAME = TTT;
			};
			name = Debug;
		};
		1333BA291FAA77EE00871528 /* Release */ = {
			isa = XCBuildConfiguration;
			buildSettings = {
				ALWAYS_EMBED_SWIFT_STANDARD_LIBRARIES = YES;
				CODE_SIGN_STYLE = Automatic;
				DEVELOPMENT_TEAM = RE35XLAPV6;
				INFOPLIST_FILE = TTTUITests/Info.plist;
				LD_RUNPATH_SEARCH_PATHS = "$(inherited) @executable_path/Frameworks @loader_path/Frameworks";
				PRODUCT_BUNDLE_IDENTIFIER = dojo.TTTUITests;
				PRODUCT_NAME = "$(TARGET_NAME)";
				SWIFT_VERSION = 4.0;
				TARGETED_DEVICE_FAMILY = "1,2";
				TEST_TARGET_NAME = TTT;
			};
			name = Release;
		};
/* End XCBuildConfiguration section */

/* Begin XCConfigurationList section */
		1333B9F41FAA77EE00871528 /* Build configuration list for PBXProject "TTT" */ = {
			isa = XCConfigurationList;
			buildConfigurations = (
				1333BA1F1FAA77EE00871528 /* Debug */,
				1333BA201FAA77EE00871528 /* Release */,
			);
			defaultConfigurationIsVisible = 0;
			defaultConfigurationName = Release;
		};
		1333BA211FAA77EE00871528 /* Build configuration list for PBXNativeTarget "TTT" */ = {
			isa = XCConfigurationList;
			buildConfigurations = (
				1333BA221FAA77EE00871528 /* Debug */,
				1333BA231FAA77EE00871528 /* Release */,
			);
			defaultConfigurationIsVisible = 0;
			defaultConfigurationName = Release;
		};
		1333BA241FAA77EE00871528 /* Build configuration list for PBXNativeTarget "TTTTests" */ = {
			isa = XCConfigurationList;
			buildConfigurations = (
				1333BA251FAA77EE00871528 /* Debug */,
				1333BA261FAA77EE00871528 /* Release */,
			);
			defaultConfigurationIsVisible = 0;
			defaultConfigurationName = Release;
		};
		1333BA271FAA77EE00871528 /* Build configuration list for PBXNativeTarget "TTTUITests" */ = {
			isa = XCConfigurationList;
			buildConfigurations = (
				1333BA281FAA77EE00871528 /* Debug */,
				1333BA291FAA77EE00871528 /* Release */,
			);
			defaultConfigurationIsVisible = 0;
			defaultConfigurationName = Release;
		};
/* End XCConfigurationList section */
	};
	rootObject = 1333B9F11FAA77EE00871528 /* Project object */;
}
